{
  "schema_version": 1,
  "python": {
    "version": "3.13",
    "note": "Runtime for apps/api (Sprint 2+)."
  },
  "toolchain": {
    "package_manager": "uv",
    "project": "apps/api",
    "lockfile": "apps/api/uv.lock",
    "status": "application-lock-present"
  },
  "consistency": {
    "requires_application_lock": true,
    "sprint1_acceptable": true,
    "sprint2_required": true
  }
}
